
Microsoft Visual Studio Solution File, Format Version 12.00
# Visual Studio 15
VisualStudioVersion = 15.0.28307.1831
MinimumVisualStudioVersion = 10.0.40219.1
Project("{FAE04EC0-301F-11D3-BF4B-00C04F79EFBC}") = "OutlookRecipientCleaner", "OutlookRecipientCleaner\OutlookRecipientCleaner.csproj", "{98975CCD-CD49-4616-BF06-307BA7D64376}"
EndProject
Global
	GlobalSection(SolutionConfigurationPlatforms) = preSolution
		Debug|AnyCPU = Debug|AnyCPU
		Release|AnyCPU = Release|AnyCPU
	EndGlobalSection
	GlobalSection(ProjectConfigurationPlatforms) = postSolution
		{98975CCD-CD49-4616-BF06-307BA7D64376}.Debug|AnyCPU.ActiveCfg = Debug|AnyCPU
		{98975CCD-CD49-4616-BF06-307BA7D64376}.Debug|AnyCPU.Build.0 = Debug|AnyCPU
		{98975CCD-CD49-4616-BF06-307BA7D64376}.Release|AnyCPU.ActiveCfg = Release|AnyCPU
		{98975CCD-CD49-4616-BF06-307BA7D64376}.Release|AnyCPU.Build.0 = Release|AnyCPU
	EndGlobalSection
	GlobalSection(SolutionProperties) = preSolution
		HideSolutionNode = FALSE
	EndGlobalSection
	GlobalSection(ExtensibilityGlobals) = postSolution
		SolutionGuid = {26D7C0DF-1CC0-444D-B38E-EFD8C0D5D297}
	EndGlobalSection
EndGlobal
